
Microsoft Visual Studio Solution File, Format Version 12.00
# Visual Studio 15
VisualStudioVersion = 15.0.27703.2042
MinimumVisualStudioVersion = 10.0.40219.1
Project("{E24C65DC-7377-472B-9ABA-BC803B73C61A}") = "ComputerServerPHP", ".", "{358D8884-DE8C-48B6-B4AC-A272966AFCEC}"
	ProjectSection(WebsiteProperties) = preProject
		TargetFrameworkMoniker = ".NETFramework,Version%3Dv4.0"
		Debug.AspNetCompiler.VirtualPath = "/localhost_55031"
		Debug.AspNetCompiler.PhysicalPath = "..\..\..\Documents\Visual Studio 2017\WebSites\ComputerServerPHP\"
		Debug.AspNetCompiler.TargetPath = "PrecompiledWeb\localhost_55031\"
		Debug.AspNetCompiler.Updateable = "true"
		Debug.AspNetCompiler.ForceOverwrite = "true"
		Debug.AspNetCompiler.FixedNames = "false"
		Debug.AspNetCompiler.Debug = "True"
		Release.AspNetCompiler.VirtualPath = "/localhost_55031"
		Release.AspNetCompiler.PhysicalPath = "..\..\..\Documents\Visual Studio 2017\WebSites\ComputerServerPHP\"
		Release.AspNetCompiler.TargetPath = "PrecompiledWeb\localhost_55031\"
		Release.AspNetCompiler.Updateable = "true"
		Release.AspNetCompiler.ForceOverwrite = "true"
		Release.AspNetCompiler.FixedNames = "false"
		Release.AspNetCompiler.Debug = "False"
		VWDPort = "55031"
	EndProjectSection
EndProject
Global
	GlobalSection(SolutionConfigurationPlatforms) = preSolution
		Debug|Any CPU = Debug|Any CPU
	EndGlobalSection
	GlobalSection(ProjectConfigurationPlatforms) = postSolution
		{358D8884-DE8C-48B6-B4AC-A272966AFCEC}.Debug|Any CPU.ActiveCfg = Debug|Any CPU
		{358D8884-DE8C-48B6-B4AC-A272966AFCEC}.Debug|Any CPU.Build.0 = Debug|Any CPU
	EndGlobalSection
	GlobalSection(SolutionProperties) = preSolution
		HideSolutionNode = FALSE
	EndGlobalSection
	GlobalSection(ExtensibilityGlobals) = postSolution
		SolutionGuid = {A5B8FD3F-3401-460B-8326-F6369279454A}
	EndGlobalSection
EndGlobal
