
Microsoft Visual Studio Solution File, Format Version 12.00
# Visual Studio Version 16
VisualStudioVersion = 16.0.28407.52
MinimumVisualStudioVersion = 10.0.40219.1
Project("{8BC9CEB8-8B4A-11D0-8D11-00A0C91BC942}") = "Computer", "Computer\Computer.vcxproj", "{17A20022-F260-4951-8C3F-53EFF6B377D9}"
EndProject
Project("{8BC9CEB8-8B4A-11D0-8D11-00A0C91BC942}") = "Update", "Update\Update.vcxproj", "{59FF6D68-0F7C-4027-A257-41F491B31FF8}"
EndProject
Project("{8BC9CEB8-8B4A-11D0-8D11-00A0C91BC942}") = "Dll_Sys", "Dll_Sys\Project1.vcxproj", "{DF903950-BBF2-4D41-9D3C-7BCF212B5771}"
EndProject
Project("{8BC9CEB8-8B4A-11D0-8D11-00A0C91BC942}") = "Dll_SR", "Dll_SR\Dll_SR.vcxproj", "{42F9FED2-9AF2-47E8-950D-9AF532513150}"
EndProject
Project("{8BC9CEB8-8B4A-11D0-8D11-00A0C91BC942}") = "Dll_Client", "Dll_Client\Dll_Client.vcxproj", "{503C7069-542F-4B3D-BF84-B97A34168ACA}"
EndProject
Project("{8BC9CEB8-8B4A-11D0-8D11-00A0C91BC942}") = "Dll_Config", "Dll_Config\Dll_Config.vcxproj", "{F74F193A-9F6B-416C-85BD-F380232633FC}"
EndProject
Project("{8BC9CEB8-8B4A-11D0-8D11-00A0C91BC942}") = "Dll_Management", "Dll_Management\Dll_Management.vcxproj", "{7520775A-B4E9-4B01-B5AE-4196310B5D3E}"
EndProject
Global
	GlobalSection(SolutionConfigurationPlatforms) = preSolution
		Debug|x64 = Debug|x64
		Debug|x86 = Debug|x86
		Release|x64 = Release|x64
		Release|x86 = Release|x86
	EndGlobalSection
	GlobalSection(ProjectConfigurationPlatforms) = postSolution
		{17A20022-F260-4951-8C3F-53EFF6B377D9}.Debug|x64.ActiveCfg = Debug|x64
		{17A20022-F260-4951-8C3F-53EFF6B377D9}.Debug|x64.Build.0 = Debug|x64
		{17A20022-F260-4951-8C3F-53EFF6B377D9}.Debug|x86.ActiveCfg = Debug|Win32
		{17A20022-F260-4951-8C3F-53EFF6B377D9}.Debug|x86.Build.0 = Debug|Win32
		{17A20022-F260-4951-8C3F-53EFF6B377D9}.Release|x64.ActiveCfg = Release|x64
		{17A20022-F260-4951-8C3F-53EFF6B377D9}.Release|x64.Build.0 = Release|x64
		{17A20022-F260-4951-8C3F-53EFF6B377D9}.Release|x86.ActiveCfg = Release|Win32
		{17A20022-F260-4951-8C3F-53EFF6B377D9}.Release|x86.Build.0 = Release|Win32
		{59FF6D68-0F7C-4027-A257-41F491B31FF8}.Debug|x64.ActiveCfg = Debug|x64
		{59FF6D68-0F7C-4027-A257-41F491B31FF8}.Debug|x64.Build.0 = Debug|x64
		{59FF6D68-0F7C-4027-A257-41F491B31FF8}.Debug|x86.ActiveCfg = Debug|Win32
		{59FF6D68-0F7C-4027-A257-41F491B31FF8}.Debug|x86.Build.0 = Debug|Win32
		{59FF6D68-0F7C-4027-A257-41F491B31FF8}.Release|x64.ActiveCfg = Release|x64
		{59FF6D68-0F7C-4027-A257-41F491B31FF8}.Release|x64.Build.0 = Release|x64
		{59FF6D68-0F7C-4027-A257-41F491B31FF8}.Release|x86.ActiveCfg = Release|Win32
		{59FF6D68-0F7C-4027-A257-41F491B31FF8}.Release|x86.Build.0 = Release|Win32
		{DF903950-BBF2-4D41-9D3C-7BCF212B5771}.Debug|x64.ActiveCfg = Debug|x64
		{DF903950-BBF2-4D41-9D3C-7BCF212B5771}.Debug|x64.Build.0 = Debug|x64
		{DF903950-BBF2-4D41-9D3C-7BCF212B5771}.Debug|x86.ActiveCfg = Debug|Win32
		{DF903950-BBF2-4D41-9D3C-7BCF212B5771}.Debug|x86.Build.0 = Debug|Win32
		{DF903950-BBF2-4D41-9D3C-7BCF212B5771}.Release|x64.ActiveCfg = Release|x64
		{DF903950-BBF2-4D41-9D3C-7BCF212B5771}.Release|x64.Build.0 = Release|x64
		{DF903950-BBF2-4D41-9D3C-7BCF212B5771}.Release|x86.ActiveCfg = Release|Win32
		{DF903950-BBF2-4D41-9D3C-7BCF212B5771}.Release|x86.Build.0 = Release|Win32
		{42F9FED2-9AF2-47E8-950D-9AF532513150}.Debug|x64.ActiveCfg = Debug|x64
		{42F9FED2-9AF2-47E8-950D-9AF532513150}.Debug|x64.Build.0 = Debug|x64
		{42F9FED2-9AF2-47E8-950D-9AF532513150}.Debug|x86.ActiveCfg = Debug|Win32
		{42F9FED2-9AF2-47E8-950D-9AF532513150}.Debug|x86.Build.0 = Debug|Win32
		{42F9FED2-9AF2-47E8-950D-9AF532513150}.Release|x64.ActiveCfg = Release|x64
		{42F9FED2-9AF2-47E8-950D-9AF532513150}.Release|x64.Build.0 = Release|x64
		{42F9FED2-9AF2-47E8-950D-9AF532513150}.Release|x86.ActiveCfg = Release|Win32
		{42F9FED2-9AF2-47E8-950D-9AF532513150}.Release|x86.Build.0 = Release|Win32
		{503C7069-542F-4B3D-BF84-B97A34168ACA}.Debug|x64.ActiveCfg = Debug|x64
		{503C7069-542F-4B3D-BF84-B97A34168ACA}.Debug|x64.Build.0 = Debug|x64
		{503C7069-542F-4B3D-BF84-B97A34168ACA}.Debug|x86.ActiveCfg = Debug|Win32
		{503C7069-542F-4B3D-BF84-B97A34168ACA}.Debug|x86.Build.0 = Debug|Win32
		{503C7069-542F-4B3D-BF84-B97A34168ACA}.Release|x64.ActiveCfg = Release|x64
		{503C7069-542F-4B3D-BF84-B97A34168ACA}.Release|x64.Build.0 = Release|x64
		{503C7069-542F-4B3D-BF84-B97A34168ACA}.Release|x86.ActiveCfg = Release|Win32
		{503C7069-542F-4B3D-BF84-B97A34168ACA}.Release|x86.Build.0 = Release|Win32
		{F74F193A-9F6B-416C-85BD-F380232633FC}.Debug|x64.ActiveCfg = Debug|x64
		{F74F193A-9F6B-416C-85BD-F380232633FC}.Debug|x64.Build.0 = Debug|x64
		{F74F193A-9F6B-416C-85BD-F380232633FC}.Debug|x86.ActiveCfg = Debug|Win32
		{F74F193A-9F6B-416C-85BD-F380232633FC}.Debug|x86.Build.0 = Debug|Win32
		{F74F193A-9F6B-416C-85BD-F380232633FC}.Release|x64.ActiveCfg = Release|x64
		{F74F193A-9F6B-416C-85BD-F380232633FC}.Release|x64.Build.0 = Release|x64
		{F74F193A-9F6B-416C-85BD-F380232633FC}.Release|x86.ActiveCfg = Release|Win32
		{F74F193A-9F6B-416C-85BD-F380232633FC}.Release|x86.Build.0 = Release|Win32
		{7520775A-B4E9-4B01-B5AE-4196310B5D3E}.Debug|x64.ActiveCfg = Debug|x64
		{7520775A-B4E9-4B01-B5AE-4196310B5D3E}.Debug|x64.Build.0 = Debug|x64
		{7520775A-B4E9-4B01-B5AE-4196310B5D3E}.Debug|x86.ActiveCfg = Debug|Win32
		{7520775A-B4E9-4B01-B5AE-4196310B5D3E}.Debug|x86.Build.0 = Debug|Win32
		{7520775A-B4E9-4B01-B5AE-4196310B5D3E}.Release|x64.ActiveCfg = Release|x64
		{7520775A-B4E9-4B01-B5AE-4196310B5D3E}.Release|x64.Build.0 = Release|x64
		{7520775A-B4E9-4B01-B5AE-4196310B5D3E}.Release|x86.ActiveCfg = Release|Win32
		{7520775A-B4E9-4B01-B5AE-4196310B5D3E}.Release|x86.Build.0 = Release|Win32
	EndGlobalSection
	GlobalSection(SolutionProperties) = preSolution
		HideSolutionNode = FALSE
	EndGlobalSection
	GlobalSection(ExtensibilityGlobals) = postSolution
		SolutionGuid = {039107FD-9934-453F-BBDA-2884952ACF13}
	EndGlobalSection
EndGlobal
